
Microsoft Visual Studio Solution File, Format Version 12.00
# Visual Studio Version 17
VisualStudioVersion = 17.10.35013.160
MinimumVisualStudioVersion = 10.0.40219.1
Project("{9A19103F-16F7-4668-BE54-9A1E7A4F7556}") = "CosmicApp.Api", "CosmicApp\CosmicApp.Api.csproj", "{DAB4F44E-CCF8-4C4B-93D3-64CFF6D42F20}"
EndProject
Project("{9A19103F-16F7-4668-BE54-9A1E7A4F7556}") = "CosmicApp.Core", "CosmicApp.Core\CosmicApp.Core.csproj", "{FC196F86-8825-432F-9516-B79D29A60354}"
EndProject
Project("{FAE04EC0-301F-11D3-BF4B-00C04F79EFBC}") = "CosmicApp.Domain", "CosmicApp.Domain\CosmicApp.Domain.csproj", "{67DBFDE7-EBBD-49C7-B3DA-E5F779DB4B42}"
EndProject
Project("{FAE04EC0-301F-11D3-BF4B-00C04F79EFBC}") = "CosmicApp.Infrastructure", "CosmicApp.Infrastructure\CosmicApp.Infrastructure.csproj", "{5202DC9E-4550-4B54-8BD1-53FA755CC783}"
EndProject
Project("{FAE04EC0-301F-11D3-BF4B-00C04F79EFBC}") = "CosmicApp.Application", "CosmicApp.Application\CosmicApp.Application.csproj", "{EA832543-527F-4ED7-8F69-F445A6D0D09D}"
EndProject
Global
	GlobalSection(SolutionConfigurationPlatforms) = preSolution
		Debug|Any CPU = Debug|Any CPU
		Release|Any CPU = Release|Any CPU
	EndGlobalSection
	GlobalSection(ProjectConfigurationPlatforms) = postSolution
		{DAB4F44E-CCF8-4C4B-93D3-64CFF6D42F20}.Debug|Any CPU.ActiveCfg = Debug|Any CPU
		{DAB4F44E-CCF8-4C4B-93D3-64CFF6D42F20}.Debug|Any CPU.Build.0 = Debug|Any CPU
		{DAB4F44E-CCF8-4C4B-93D3-64CFF6D42F20}.Release|Any CPU.ActiveCfg = Release|Any CPU
		{DAB4F44E-CCF8-4C4B-93D3-64CFF6D42F20}.Release|Any CPU.Build.0 = Release|Any CPU
		{FC196F86-8825-432F-9516-B79D29A60354}.Debug|Any CPU.ActiveCfg = Debug|Any CPU
		{FC196F86-8825-432F-9516-B79D29A60354}.Debug|Any CPU.Build.0 = Debug|Any CPU
		{FC196F86-8825-432F-9516-B79D29A60354}.Release|Any CPU.ActiveCfg = Release|Any CPU
		{FC196F86-8825-432F-9516-B79D29A60354}.Release|Any CPU.Build.0 = Release|Any CPU
		{67DBFDE7-EBBD-49C7-B3DA-E5F779DB4B42}.Debug|Any CPU.ActiveCfg = Debug|Any CPU
		{67DBFDE7-EBBD-49C7-B3DA-E5F779DB4B42}.Debug|Any CPU.Build.0 = Debug|Any CPU
		{67DBFDE7-EBBD-49C7-B3DA-E5F779DB4B42}.Release|Any CPU.ActiveCfg = Release|Any CPU
		{67DBFDE7-EBBD-49C7-B3DA-E5F779DB4B42}.Release|Any CPU.Build.0 = Release|Any CPU
		{5202DC9E-4550-4B54-8BD1-53FA755CC783}.Debug|Any CPU.ActiveCfg = Debug|Any CPU
		{5202DC9E-4550-4B54-8BD1-53FA755CC783}.Debug|Any CPU.Build.0 = Debug|Any CPU
		{5202DC9E-4550-4B54-8BD1-53FA755CC783}.Release|Any CPU.ActiveCfg = Release|Any CPU
		{5202DC9E-4550-4B54-8BD1-53FA755CC783}.Release|Any CPU.Build.0 = Release|Any CPU
		{EA832543-527F-4ED7-8F69-F445A6D0D09D}.Debug|Any CPU.ActiveCfg = Debug|Any CPU
		{EA832543-527F-4ED7-8F69-F445A6D0D09D}.Debug|Any CPU.Build.0 = Debug|Any CPU
		{EA832543-527F-4ED7-8F69-F445A6D0D09D}.Release|Any CPU.ActiveCfg = Release|Any CPU
		{EA832543-527F-4ED7-8F69-F445A6D0D09D}.Release|Any CPU.Build.0 = Release|Any CPU
	EndGlobalSection
	GlobalSection(SolutionProperties) = preSolution
		HideSolutionNode = FALSE
	EndGlobalSection
	GlobalSection(ExtensibilityGlobals) = postSolution
		SolutionGuid = {68A04EA1-854B-4EBE-B471-1EB3A804EEF1}
	EndGlobalSection
EndGlobal
